// !$*UTF8*$!
{
	archiveVersion = 1;
	classes = {
	};
	objectVersion = 46;
	objects = {

/* Begin PBXBuildFile section */
		47E09887177611B600C2A6EF /* Foundation.framework in Frameworks */ = {isa = PBXBuildFile; fileRef = 47E09886177611B600C2A6EF /* Foundation.framework */; };
		47E09966177618E200C2A6EF /* FIOAPI.m in Sources */ = {isa = PBXBuildFile; fileRef = 47E09950177618E200C2A6EF /* FIOAPI.m */; };
		47E09967177618E200C2A6EF /* FIODailyDataPoint.m in Sources */ = {isa = PBXBuildFile; fileRef = 47E09955177618E200C2A6EF /* FIODailyDataPoint.m */; };
		47E09968177618E200C2A6EF /* FIODailyForecast.m in Sources */ = {isa = PBXBuildFile; fileRef = 47E09957177618E200C2A6EF /* FIODailyForecast.m */; };
		47E09969177618E200C2A6EF /* FIOForecast.m in Sources */ = {isa = PBXBuildFile; fileRef = 47E09959177618E200C2A6EF /* FIOForecast.m */; };
		47E0996A177618E200C2A6EF /* FIOWeather.m in Sources */ = {isa = PBXBuildFile; fileRef = 47E0995B177618E200C2A6EF /* FIOWeather.m */; };
		47E0996B177618E200C2A6EF /* FIOHourDataPoint.m in Sources */ = {isa = PBXBuildFile; fileRef = 47E0995E177618E200C2A6EF /* FIOHourDataPoint.m */; };
		47E0996C177618E200C2A6EF /* FIOHourlyForecast.m in Sources */ = {isa = PBXBuildFile; fileRef = 47E09960177618E200C2A6EF /* FIOHourlyForecast.m */; };
		47E0996D177618E200C2A6EF /* FIOMinuteDataPoint.m in Sources */ = {isa = PBXBuildFile; fileRef = 47E09963177618E200C2A6EF /* FIOMinuteDataPoint.m */; };
		47E0996E177618E200C2A6EF /* FIOMinutelyForecast.m in Sources */ = {isa = PBXBuildFile; fileRef = 47E09965177618E200C2A6EF /* FIOMinutelyForecast.m */; };
		47E09974177625A300C2A6EF /* UIKit.framework in Frameworks */ = {isa = PBXBuildFile; fileRef = 47E09897177611B600C2A6EF /* UIKit.framework */; };
		47E09975177625A300C2A6EF /* Foundation.framework in Frameworks */ = {isa = PBXBuildFile; fileRef = 47E09886177611B600C2A6EF /* Foundation.framework */; };
		47E09977177625A300C2A6EF /* CoreGraphics.framework in Frameworks */ = {isa = PBXBuildFile; fileRef = 47E09976177625A300C2A6EF /* CoreGraphics.framework */; };
		47E0997D177625A300C2A6EF /* InfoPlist.strings in Resources */ = {isa = PBXBuildFile; fileRef = 47E0997B177625A300C2A6EF /* InfoPlist.strings */; };
		47E0997F177625A300C2A6EF /* main.m in Sources */ = {isa = PBXBuildFile; fileRef = 47E0997E177625A300C2A6EF /* main.m */; };
		47E09982177625A400C2A6EF /* Cedar-iOS.framework in Frameworks */ = {isa = PBXBuildFile; fileRef = 47E09981177625A400C2A6EF /* Cedar-iOS.framework */; };
		47E0999117762B5000C2A6EF /* FIOMinutelyForecastSpec.mm in Sources */ = {isa = PBXBuildFile; fileRef = 47E0999017762B5000C2A6EF /* FIOMinutelyForecastSpec.mm */; };
		47E0999317762BA100C2A6EF /* FIOMinuteDataPointSpec.mm in Sources */ = {isa = PBXBuildFile; fileRef = 47E0999217762BA100C2A6EF /* FIOMinuteDataPointSpec.mm */; };
		47E0999517762C5600C2A6EF /* libForecastIOWrapper.a in Frameworks */ = {isa = PBXBuildFile; fileRef = 47E09883177611B600C2A6EF /* libForecastIOWrapper.a */; };
/* End PBXBuildFile section */

/* Begin PBXCopyFilesBuildPhase section */
		47E09881177611B600C2A6EF /* CopyFiles */ = {
			isa = PBXCopyFilesBuildPhase;
			buildActionMask = 2147483647;
			dstPath = "include/${PRODUCT_NAME}";
			dstSubfolderSpec = 16;
			files = (
			);
			runOnlyForDeploymentPostprocessing = 0;
		};
/* End PBXCopyFilesBuildPhase section */

/* Begin PBXFileReference section */
		47E09883177611B600C2A6EF /* libForecastIOWrapper.a */ = {isa = PBXFileReference; explicitFileType = archive.ar; includeInIndex = 0; path = libForecastIOWrapper.a; sourceTree = BUILT_PRODUCTS_DIR; };
		47E09886177611B600C2A6EF /* Foundation.framework */ = {isa = PBXFileReference; lastKnownFileType = wrapper.framework; name = Foundation.framework; path = System/Library/Frameworks/Foundation.framework; sourceTree = SDKROOT; };
		47E0988A177611B600C2A6EF /* ForecastIOWrapper-Prefix.pch */ = {isa = PBXFileReference; lastKnownFileType = sourcecode.c.h; path = "ForecastIOWrapper-Prefix.pch"; sourceTree = "<group>"; };
		47E09895177611B600C2A6EF /* SenTestingKit.framework */ = {isa = PBXFileReference; lastKnownFileType = wrapper.framework; name = SenTestingKit.framework; path = Library/Frameworks/SenTestingKit.framework; sourceTree = DEVELOPER_DIR; };
		47E09897177611B600C2A6EF /* UIKit.framework */ = {isa = PBXFileReference; lastKnownFileType = wrapper.framework; name = UIKit.framework; path = Library/Frameworks/UIKit.framework; sourceTree = DEVELOPER_DIR; };
		47E0994F177618E200C2A6EF /* FIOAPI.h */ = {isa = PBXFileReference; fileEncoding = 4; lastKnownFileType = sourcecode.c.h; path = FIOAPI.h; sourceTree = "<group>"; };
		47E09950177618E200C2A6EF /* FIOAPI.m */ = {isa = PBXFileReference; fileEncoding = 4; lastKnownFileType = sourcecode.c.objc; path = FIOAPI.m; sourceTree = "<group>"; };
		47E09954177618E200C2A6EF /* FIODailyDataPoint.h */ = {isa = PBXFileReference; fileEncoding = 4; lastKnownFileType = sourcecode.c.h; path = FIODailyDataPoint.h; sourceTree = "<group>"; };
		47E09955177618E200C2A6EF /* FIODailyDataPoint.m */ = {isa = PBXFileReference; fileEncoding = 4; lastKnownFileType = sourcecode.c.objc; path = FIODailyDataPoint.m; sourceTree = "<group>"; };
		47E09956177618E200C2A6EF /* FIODailyForecast.h */ = {isa = PBXFileReference; fileEncoding = 4; lastKnownFileType = sourcecode.c.h; path = FIODailyForecast.h; sourceTree = "<group>"; };
		47E09957177618E200C2A6EF /* FIODailyForecast.m */ = {isa = PBXFileReference; fileEncoding = 4; lastKnownFileType = sourcecode.c.objc; path = FIODailyForecast.m; sourceTree = "<group>"; };
		47E09958177618E200C2A6EF /* FIOForecast.h */ = {isa = PBXFileReference; fileEncoding = 4; lastKnownFileType = sourcecode.c.h; path = FIOForecast.h; sourceTree = "<group>"; };
		47E09959177618E200C2A6EF /* FIOForecast.m */ = {isa = PBXFileReference; fileEncoding = 4; lastKnownFileType = sourcecode.c.objc; path = FIOForecast.m; sourceTree = "<group>"; };
		47E0995A177618E200C2A6EF /* FIOWeather.h */ = {isa = PBXFileReference; fileEncoding = 4; lastKnownFileType = sourcecode.c.h; name = FIOWeather.h; path = forecast/FIOWeather.h; sourceTree = "<group>"; };
		47E0995B177618E200C2A6EF /* FIOWeather.m */ = {isa = PBXFileReference; fileEncoding = 4; lastKnownFileType = sourcecode.c.objc; name = FIOWeather.m; path = forecast/FIOWeather.m; sourceTree = "<group>"; };
		47E0995D177618E200C2A6EF /* FIOHourDataPoint.h */ = {isa = PBXFileReference; fileEncoding = 4; lastKnownFileType = sourcecode.c.h; path = FIOHourDataPoint.h; sourceTree = "<group>"; };
		47E0995E177618E200C2A6EF /* FIOHourDataPoint.m */ = {isa = PBXFileReference; fileEncoding = 4; lastKnownFileType = sourcecode.c.objc; path = FIOHourDataPoint.m; sourceTree = "<group>"; };
		47E0995F177618E200C2A6EF /* FIOHourlyForecast.h */ = {isa = PBXFileReference; fileEncoding = 4; lastKnownFileType = sourcecode.c.h; path = FIOHourlyForecast.h; sourceTree = "<group>"; };
		47E09960177618E200C2A6EF /* FIOHourlyForecast.m */ = {isa = PBXFileReference; fileEncoding = 4; lastKnownFileType = sourcecode.c.objc; path = FIOHourlyForecast.m; sourceTree = "<group>"; };
		47E09962177618E200C2A6EF /* FIOMinuteDataPoint.h */ = {isa = PBXFileReference; fileEncoding = 4; lastKnownFileType = sourcecode.c.h; path = FIOMinuteDataPoint.h; sourceTree = "<group>"; };
		47E09963177618E200C2A6EF /* FIOMinuteDataPoint.m */ = {isa = PBXFileReference; fileEncoding = 4; lastKnownFileType = sourcecode.c.objc; path = FIOMinuteDataPoint.m; sourceTree = "<group>"; };
		47E09964177618E200C2A6EF /* FIOMinutelyForecast.h */ = {isa = PBXFileReference; fileEncoding = 4; lastKnownFileType = sourcecode.c.h; path = FIOMinutelyForecast.h; sourceTree = "<group>"; };
		47E09965177618E200C2A6EF /* FIOMinutelyForecast.m */ = {isa = PBXFileReference; fileEncoding = 4; lastKnownFileType = sourcecode.c.objc; path = FIOMinutelyForecast.m; sourceTree = "<group>"; };
		47E09973177625A300C2A6EF /* ForecastIOWrapperSpecs.app */ = {isa = PBXFileReference; explicitFileType = wrapper.application; includeInIndex = 0; path = ForecastIOWrapperSpecs.app; sourceTree = BUILT_PRODUCTS_DIR; };
		47E09976177625A300C2A6EF /* CoreGraphics.framework */ = {isa = PBXFileReference; lastKnownFileType = wrapper.framework; name = CoreGraphics.framework; path = System/Library/Frameworks/CoreGraphics.framework; sourceTree = SDKROOT; };
		47E0997A177625A300C2A6EF /* ForecastIOWrapperSpecs-Info.plist */ = {isa = PBXFileReference; lastKnownFileType = text.plist.xml; path = "ForecastIOWrapperSpecs-Info.plist"; sourceTree = "<group>"; };
		47E0997C177625A300C2A6EF /* en */ = {isa = PBXFileReference; lastKnownFileType = text.plist.strings; name = en; path = en.lproj/InfoPlist.strings; sourceTree = "<group>"; };
		47E0997E177625A300C2A6EF /* main.m */ = {isa = PBXFileReference; lastKnownFileType = sourcecode.c.objc; path = main.m; sourceTree = "<group>"; };
		47E09980177625A300C2A6EF /* ForecastIOWrapperSpecs-Prefix.pch */ = {isa = PBXFileReference; lastKnownFileType = sourcecode.c.h; path = "ForecastIOWrapperSpecs-Prefix.pch"; sourceTree = "<group>"; };
		47E09981177625A400C2A6EF /* Cedar-iOS.framework */ = {isa = PBXFileReference; lastKnownFileType = wrapper.framework; name = "Cedar-iOS.framework"; path = "Frameworks/Cedar-iOS.framework"; sourceTree = "<group>"; };
		47E0999017762B5000C2A6EF /* FIOMinutelyForecastSpec.mm */ = {isa = PBXFileReference; fileEncoding = 4; lastKnownFileType = sourcecode.cpp.objcpp; path = FIOMinutelyForecastSpec.mm; sourceTree = "<group>"; };
		47E0999217762BA100C2A6EF /* FIOMinuteDataPointSpec.mm */ = {isa = PBXFileReference; fileEncoding = 4; lastKnownFileType = sourcecode.cpp.objcpp; path = FIOMinuteDataPointSpec.mm; sourceTree = "<group>"; };
/* End PBXFileReference section */

/* Begin PBXFrameworksBuildPhase section */
		47E09880177611B600C2A6EF /* Frameworks */ = {
			isa = PBXFrameworksBuildPhase;
			buildActionMask = 2147483647;
			files = (
				47E09887177611B600C2A6EF /* Foundation.framework in Frameworks */,
			);
			runOnlyForDeploymentPostprocessing = 0;
		};
		47E09970177625A300C2A6EF /* Frameworks */ = {
			isa = PBXFrameworksBuildPhase;
			buildActionMask = 2147483647;
			files = (
				47E0999517762C5600C2A6EF /* libForecastIOWrapper.a in Frameworks */,
				47E09974177625A300C2A6EF /* UIKit.framework in Frameworks */,
				47E09975177625A300C2A6EF /* Foundation.framework in Frameworks */,
				47E09977177625A300C2A6EF /* CoreGraphics.framework in Frameworks */,
				47E09982177625A400C2A6EF /* Cedar-iOS.framework in Frameworks */,
			);
			runOnlyForDeploymentPostprocessing = 0;
		};
/* End PBXFrameworksBuildPhase section */

/* Begin PBXGroup section */
		47E0987A177611B600C2A6EF = {
			isa = PBXGroup;
			children = (
				47E09888177611B600C2A6EF /* ForecastIOWrapper */,
				47E09978177625A300C2A6EF /* ForecastIOWrapperSpecs */,
				47E09885177611B600C2A6EF /* Frameworks */,
				47E09884177611B600C2A6EF /* Products */,
			);
			sourceTree = "<group>";
		};
		47E09884177611B600C2A6EF /* Products */ = {
			isa = PBXGroup;
			children = (
				47E09883177611B600C2A6EF /* libForecastIOWrapper.a */,
				47E09973177625A300C2A6EF /* ForecastIOWrapperSpecs.app */,
			);
			name = Products;
			sourceTree = "<group>";
		};
		47E09885177611B600C2A6EF /* Frameworks */ = {
			isa = PBXGroup;
			children = (
				47E09886177611B600C2A6EF /* Foundation.framework */,
				47E09895177611B600C2A6EF /* SenTestingKit.framework */,
				47E09897177611B600C2A6EF /* UIKit.framework */,
				47E09976177625A300C2A6EF /* CoreGraphics.framework */,
			);
			name = Frameworks;
			sourceTree = "<group>";
		};
		47E09888177611B600C2A6EF /* ForecastIOWrapper */ = {
			isa = PBXGroup;
			children = (
				47E0994E177618E200C2A6EF /* ForecastIO */,
				47E09889177611B600C2A6EF /* Supporting Files */,
			);
			path = ForecastIOWrapper;
			sourceTree = "<group>";
		};
		47E09889177611B600C2A6EF /* Supporting Files */ = {
			isa = PBXGroup;
			children = (
				47E0988A177611B600C2A6EF /* ForecastIOWrapper-Prefix.pch */,
			);
			name = "Supporting Files";
			sourceTree = "<group>";
		};
		47E0994E177618E200C2A6EF /* ForecastIO */ = {
			isa = PBXGroup;
			children = (
				47E0994F177618E200C2A6EF /* FIOAPI.h */,
				47E09950177618E200C2A6EF /* FIOAPI.m */,
				47E09951177618E200C2A6EF /* models */,
			);
			path = ForecastIO;
			sourceTree = "<group>";
		};
		47E09951177618E200C2A6EF /* models */ = {
			isa = PBXGroup;
			children = (
				47E0995A177618E200C2A6EF /* FIOWeather.h */,
				47E0995B177618E200C2A6EF /* FIOWeather.m */,
				47E09952177618E200C2A6EF /* forecast */,
			);
			path = models;
			sourceTree = "<group>";
		};
		47E09952177618E200C2A6EF /* forecast */ = {
			isa = PBXGroup;
			children = (
				47E09958177618E200C2A6EF /* FIOForecast.h */,
				47E09959177618E200C2A6EF /* FIOForecast.m */,
				47E09953177618E200C2A6EF /* daily */,
				47E0995C177618E200C2A6EF /* hourly */,
				47E09961177618E200C2A6EF /* minutely */,
			);
			path = forecast;
			sourceTree = "<group>";
		};
		47E09953177618E200C2A6EF /* daily */ = {
			isa = PBXGroup;
			children = (
				47E09954177618E200C2A6EF /* FIODailyDataPoint.h */,
				47E09955177618E200C2A6EF /* FIODailyDataPoint.m */,
				47E09956177618E200C2A6EF /* FIODailyForecast.h */,
				47E09957177618E200C2A6EF /* FIODailyForecast.m */,
			);
			path = daily;
			sourceTree = "<group>";
		};
		47E0995C177618E200C2A6EF /* hourly */ = {
			isa = PBXGroup;
			children = (
				47E0995D177618E200C2A6EF /* FIOHourDataPoint.h */,
				47E0995E177618E200C2A6EF /* FIOHourDataPoint.m */,
				47E0995F177618E200C2A6EF /* FIOHourlyForecast.h */,
				47E09960177618E200C2A6EF /* FIOHourlyForecast.m */,
			);
			path = hourly;
			sourceTree = "<group>";
		};
		47E09961177618E200C2A6EF /* minutely */ = {
			isa = PBXGroup;
			children = (
				47E09962177618E200C2A6EF /* FIOMinuteDataPoint.h */,
				47E09963177618E200C2A6EF /* FIOMinuteDataPoint.m */,
				47E09964177618E200C2A6EF /* FIOMinutelyForecast.h */,
				47E09965177618E200C2A6EF /* FIOMinutelyForecast.m */,
			);
			path = minutely;
			sourceTree = "<group>";
		};
		47E09978177625A300C2A6EF /* ForecastIOWrapperSpecs */ = {
			isa = PBXGroup;
			children = (
				47E099881776270B00C2A6EF /* specs */,
				47E09981177625A400C2A6EF /* Cedar-iOS.framework */,
				47E09979177625A300C2A6EF /* Supporting Files */,
			);
			path = ForecastIOWrapperSpecs;
			sourceTree = "<group>";
		};
		47E09979177625A300C2A6EF /* Supporting Files */ = {
			isa = PBXGroup;
			children = (
				47E0997A177625A300C2A6EF /* ForecastIOWrapperSpecs-Info.plist */,
				47E0997B177625A300C2A6EF /* InfoPlist.strings */,
				47E0997E177625A300C2A6EF /* main.m */,
				47E09980177625A300C2A6EF /* ForecastIOWrapperSpecs-Prefix.pch */,
			);
			name = "Supporting Files";
			sourceTree = "<group>";
		};
		47E099881776270B00C2A6EF /* specs */ = {
			isa = PBXGroup;
			children = (
				47E099891776270B00C2A6EF /* models */,
			);
			path = specs;
			sourceTree = "<group>";
		};
		47E099891776270B00C2A6EF /* models */ = {
			isa = PBXGroup;
			children = (
				47E0998A1776270B00C2A6EF /* forecast */,
			);
			path = models;
			sourceTree = "<group>";
		};
		47E0998A1776270B00C2A6EF /* forecast */ = {
			isa = PBXGroup;
			children = (
				47E0998B1776270B00C2A6EF /* daily */,
				47E0998C1776270B00C2A6EF /* hourly */,
				47E0998D1776270B00C2A6EF /* minutely */,
			);
			path = forecast;
			sourceTree = "<group>";
		};
		47E0998B1776270B00C2A6EF /* daily */ = {
			isa = PBXGroup;
			children = (
			);
			path = daily;
			sourceTree = "<group>";
		};
		47E0998C1776270B00C2A6EF /* hourly */ = {
			isa = PBXGroup;
			children = (
			);
			path = hourly;
			sourceTree = "<group>";
		};
		47E0998D1776270B00C2A6EF /* minutely */ = {
			isa = PBXGroup;
			children = (
				47E0999017762B5000C2A6EF /* FIOMinutelyForecastSpec.mm */,
				47E0999217762BA100C2A6EF /* FIOMinuteDataPointSpec.mm */,
			);
			path = minutely;
			sourceTree = "<group>";
		};
/* End PBXGroup section */

/* Begin PBXNativeTarget section */
		47E09882177611B600C2A6EF /* ForecastIOWrapper */ = {
			isa = PBXNativeTarget;
			buildConfigurationList = 47E098A8177611B600C2A6EF /* Build configuration list for PBXNativeTarget "ForecastIOWrapper" */;
			buildPhases = (
				47E0987F177611B600C2A6EF /* Sources */,
				47E09880177611B600C2A6EF /* Frameworks */,
				47E09881177611B600C2A6EF /* CopyFiles */,
			);
			buildRules = (
			);
			dependencies = (
			);
			name = ForecastIOWrapper;
			productName = ForecastIOWrapper;
			productReference = 47E09883177611B600C2A6EF /* libForecastIOWrapper.a */;
			productType = "com.apple.product-type.library.static";
		};
		47E09972177625A300C2A6EF /* ForecastIOWrapperSpecs */ = {
			isa = PBXNativeTarget;
			buildConfigurationList = 47E09985177625A400C2A6EF /* Build configuration list for PBXNativeTarget "ForecastIOWrapperSpecs" */;
			buildPhases = (
				47E0996F177625A300C2A6EF /* Sources */,
				47E09970177625A300C2A6EF /* Frameworks */,
				47E09971177625A300C2A6EF /* Resources */,
			);
			buildRules = (
			);
			dependencies = (
			);
			name = ForecastIOWrapperSpecs;
			productName = ForecastIOWrapperSpecs;
			productReference = 47E09973177625A300C2A6EF /* ForecastIOWrapperSpecs.app */;
			productType = "com.apple.product-type.application";
		};
/* End PBXNativeTarget section */

/* Begin PBXProject section */
		47E0987B177611B600C2A6EF /* Project object */ = {
			isa = PBXProject;
			attributes = {
				LastUpgradeCheck = 0460;
				ORGANIZATIONNAME = somethingPointless;
			};
			buildConfigurationList = 47E0987E177611B600C2A6EF /* Build configuration list for PBXProject "ForecastIOWrapper" */;
			compatibilityVersion = "Xcode 3.2";
			developmentRegion = English;
			hasScannedForEncodings = 0;
			knownRegions = (
				en,
			);
			mainGroup = 47E0987A177611B600C2A6EF;
			productRefGroup = 47E09884177611B600C2A6EF /* Products */;
			projectDirPath = "";
			projectRoot = "";
			targets = (
				47E09882177611B600C2A6EF /* ForecastIOWrapper */,
				47E09972177625A300C2A6EF /* ForecastIOWrapperSpecs */,
			);
		};
/* End PBXProject section */

/* Begin PBXResourcesBuildPhase section */
		47E09971177625A300C2A6EF /* Resources */ = {
			isa = PBXResourcesBuildPhase;
			buildActionMask = 2147483647;
			files = (
				47E0997D177625A300C2A6EF /* InfoPlist.strings in Resources */,
			);
			runOnlyForDeploymentPostprocessing = 0;
		};
/* End PBXResourcesBuildPhase section */

/* Begin PBXSourcesBuildPhase section */
		47E0987F177611B600C2A6EF /* Sources */ = {
			isa = PBXSourcesBuildPhase;
			buildActionMask = 2147483647;
			files = (
				47E09966177618E200C2A6EF /* FIOAPI.m in Sources */,
				47E09967177618E200C2A6EF /* FIODailyDataPoint.m in Sources */,
				47E09968177618E200C2A6EF /* FIODailyForecast.m in Sources */,
				47E09969177618E200C2A6EF /* FIOForecast.m in Sources */,
				47E0996A177618E200C2A6EF /* FIOWeather.m in Sources */,
				47E0996B177618E200C2A6EF /* FIOHourDataPoint.m in Sources */,
				47E0996C177618E200C2A6EF /* FIOHourlyForecast.m in Sources */,
				47E0996D177618E200C2A6EF /* FIOMinuteDataPoint.m in Sources */,
				47E0996E177618E200C2A6EF /* FIOMinutelyForecast.m in Sources */,
			);
			runOnlyForDeploymentPostprocessing = 0;
		};
		47E0996F177625A300C2A6EF /* Sources */ = {
			isa = PBXSourcesBuildPhase;
			buildActionMask = 2147483647;
			files = (
				47E0997F177625A300C2A6EF /* main.m in Sources */,
				47E0999117762B5000C2A6EF /* FIOMinutelyForecastSpec.mm in Sources */,
				47E0999317762BA100C2A6EF /* FIOMinuteDataPointSpec.mm in Sources */,
			);
			runOnlyForDeploymentPostprocessing = 0;
		};
/* End PBXSourcesBuildPhase section */

/* Begin PBXVariantGroup section */
		47E0997B177625A300C2A6EF /* InfoPlist.strings */ = {
			isa = PBXVariantGroup;
			children = (
				47E0997C177625A300C2A6EF /* en */,
			);
			name = InfoPlist.strings;
			sourceTree = "<group>";
		};
/* End PBXVariantGroup section */

/* Begin XCBuildConfiguration section */
		47E098A6177611B600C2A6EF /* Debug */ = {
			isa = XCBuildConfiguration;
			buildSettings = {
				ALWAYS_SEARCH_USER_PATHS = NO;
				CLANG_CXX_LANGUAGE_STANDARD = "gnu++0x";
				CLANG_CXX_LIBRARY = "libc++";
				CLANG_ENABLE_OBJC_ARC = YES;
				CLANG_WARN_CONSTANT_CONVERSION = YES;
				CLANG_WARN_EMPTY_BODY = YES;
				CLANG_WARN_ENUM_CONVERSION = YES;
				CLANG_WARN_INT_CONVERSION = YES;
				CLANG_WARN__DUPLICATE_METHOD_MATCH = YES;
				COPY_PHASE_STRIP = NO;
				GCC_C_LANGUAGE_STANDARD = gnu99;
				GCC_DYNAMIC_NO_PIC = NO;
				GCC_OPTIMIZATION_LEVEL = 0;
				GCC_PREPROCESSOR_DEFINITIONS = (
					"DEBUG=1",
					"$(inherited)",
				);
				GCC_SYMBOLS_PRIVATE_EXTERN = NO;
				GCC_WARN_ABOUT_RETURN_TYPE = YES;
				GCC_WARN_UNINITIALIZED_AUTOS = YES;
				GCC_WARN_UNUSED_VARIABLE = YES;
				IPHONEOS_DEPLOYMENT_TARGET = 6.1;
				ONLY_ACTIVE_ARCH = YES;
				SDKROOT = iphoneos;
			};
			name = Debug;
		};
		47E098A7177611B600C2A6EF /* Release */ = {
			isa = XCBuildConfiguration;
			buildSettings = {
				ALWAYS_SEARCH_USER_PATHS = NO;
				CLANG_CXX_LANGUAGE_STANDARD = "gnu++0x";
				CLANG_CXX_LIBRARY = "libc++";
				CLANG_ENABLE_OBJC_ARC = YES;
				CLANG_WARN_CONSTANT_CONVERSION = YES;
				CLANG_WARN_EMPTY_BODY = YES;
				CLANG_WARN_ENUM_CONVERSION = YES;
				CLANG_WARN_INT_CONVERSION = YES;
				CLANG_WARN__DUPLICATE_METHOD_MATCH = YES;
				COPY_PHASE_STRIP = YES;
				GCC_C_LANGUAGE_STANDARD = gnu99;
				GCC_WARN_ABOUT_RETURN_TYPE = YES;
				GCC_WARN_UNINITIALIZED_AUTOS = YES;
				GCC_WARN_UNUSED_VARIABLE = YES;
				IPHONEOS_DEPLOYMENT_TARGET = 6.1;
				SDKROOT = iphoneos;
				VALIDATE_PRODUCT = YES;
			};
			name = Release;
		};
		47E098A9177611B600C2A6EF /* Debug */ = {
			isa = XCBuildConfiguration;
			buildSettings = {
				DSTROOT = /tmp/ForecastIOWrapper.dst;
				GCC_PRECOMPILE_PREFIX_HEADER = YES;
				GCC_PREFIX_HEADER = "ForecastIOWrapper/ForecastIOWrapper-Prefix.pch";
				OTHER_LDFLAGS = "-ObjC";
				PRODUCT_NAME = "$(TARGET_NAME)";
				SKIP_INSTALL = YES;
			};
			name = Debug;
		};
		47E098AA177611B600C2A6EF /* Release */ = {
			isa = XCBuildConfiguration;
			buildSettings = {
				DSTROOT = /tmp/ForecastIOWrapper.dst;
				GCC_PRECOMPILE_PREFIX_HEADER = YES;
				GCC_PREFIX_HEADER = "ForecastIOWrapper/ForecastIOWrapper-Prefix.pch";
				OTHER_LDFLAGS = "-ObjC";
				PRODUCT_NAME = "$(TARGET_NAME)";
				SKIP_INSTALL = YES;
			};
			name = Release;
		};
		47E09986177625A400C2A6EF /* Debug */ = {
			isa = XCBuildConfiguration;
			buildSettings = {
				"CODE_SIGN_IDENTITY[sdk=iphoneos*]" = "iPhone Developer";
				FRAMEWORK_SEARCH_PATHS = (
					"$(inherited)",
					"\"$(SYSTEM_APPS_DIR)/Xcode.app/Contents/Developer/Library/Frameworks\"",
					"\"$(SRCROOT)/ForecastIOWrapperSpecs/Frameworks\"",
				);
				GCC_PRECOMPILE_PREFIX_HEADER = YES;
				GCC_PREFIX_HEADER = "ForecastIOWrapperSpecs/ForecastIOWrapperSpecs-Prefix.pch";
				INFOPLIST_FILE = "ForecastIOWrapperSpecs/ForecastIOWrapperSpecs-Info.plist";
				OTHER_LDFLAGS = (
					"-ObjC",
					"-all_load",
					"-lstdc++",
				);
				PRODUCT_NAME = "$(TARGET_NAME)";
				WRAPPER_EXTENSION = app;
			};
			name = Debug;
		};
		47E09987177625A400C2A6EF /* Release */ = {
			isa = XCBuildConfiguration;
			buildSettings = {
				"CODE_SIGN_IDENTITY[sdk=iphoneos*]" = "iPhone Developer";
				FRAMEWORK_SEARCH_PATHS = (
					"$(inherited)",
					"\"$(SYSTEM_APPS_DIR)/Xcode.app/Contents/Developer/Library/Frameworks\"",
					"\"$(SRCROOT)/ForecastIOWrapperSpecs/Frameworks\"",
				);
				GCC_PRECOMPILE_PREFIX_HEADER = YES;
				GCC_PREFIX_HEADER = "ForecastIOWrapperSpecs/ForecastIOWrapperSpecs-Prefix.pch";
				INFOPLIST_FILE = "ForecastIOWrapperSpecs/ForecastIOWrapperSpecs-Info.plist";
				OTHER_CFLAGS = "-DNS_BLOCK_ASSERTIONS=1";
				OTHER_LDFLAGS = (
					"-ObjC",
					"-all_load",
					"-lstdc++",
				);
				PRODUCT_NAME = "$(TARGET_NAME)";
				WRAPPER_EXTENSION = app;
			};
			name = Release;
		};
/* End XCBuildConfiguration section */

/* Begin XCConfigurationList section */
		47E0987E177611B600C2A6EF /* Build configuration list for PBXProject "ForecastIOWrapper" */ = {
			isa = XCConfigurationList;
			buildConfigurations = (
				47E098A6177611B600C2A6EF /* Debug */,
				47E098A7177611B600C2A6EF /* Release */,
			);
			defaultConfigurationIsVisible = 0;
			defaultConfigurationName = Release;
		};
		47E098A8177611B600C2A6EF /* Build configuration list for PBXNativeTarget "ForecastIOWrapper" */ = {
			isa = XCConfigurationList;
			buildConfigurations = (
				47E098A9177611B600C2A6EF /* Debug */,
				47E098AA177611B600C2A6EF /* Release */,
			);
			defaultConfigurationIsVisible = 0;
		};
		47E09985177625A400C2A6EF /* Build configuration list for PBXNativeTarget "ForecastIOWrapperSpecs" */ = {
			isa = XCConfigurationList;
			buildConfigurations = (
				47E09986177625A400C2A6EF /* Debug */,
				47E09987177625A400C2A6EF /* Release */,
			);
			defaultConfigurationIsVisible = 0;
		};
/* End XCConfigurationList section */
	};
	rootObject = 47E0987B177611B600C2A6EF /* Project object */;
}
